
Microsoft Visual Studio Solution File, Format Version 12.00
# Visual Studio Version 17
VisualStudioVersion = 17.3.32819.101
MinimumVisualStudioVersion = 10.0.40219.1
Project("{9A19103F-16F7-4668-BE54-9A1E7A4F7556}") = "Class", "HomeWork2\Class.csproj", "{3B85FB49-4B01-4A3B-912C-1FA00B7B4951}"
EndProject
Project("{9A19103F-16F7-4668-BE54-9A1E7A4F7556}") = "Home", "Home\Home.csproj", "{7E5EFE39-8620-47EA-ABEC-A7063B6634EA}"
EndProject
Global
	GlobalSection(SolutionConfigurationPlatforms) = preSolution
		Debug|Any CPU = Debug|Any CPU
		Release|Any CPU = Release|Any CPU
	EndGlobalSection
	GlobalSection(ProjectConfigurationPlatforms) = postSolution
		{3B85FB49-4B01-4A3B-912C-1FA00B7B4951}.Debug|Any CPU.ActiveCfg = Debug|Any CPU
		{3B85FB49-4B01-4A3B-912C-1FA00B7B4951}.Debug|Any CPU.Build.0 = Debug|Any CPU
		{3B85FB49-4B01-4A3B-912C-1FA00B7B4951}.Release|Any CPU.ActiveCfg = Release|Any CPU
		{3B85FB49-4B01-4A3B-912C-1FA00B7B4951}.Release|Any CPU.Build.0 = Release|Any CPU
		{7E5EFE39-8620-47EA-ABEC-A7063B6634EA}.Debug|Any CPU.ActiveCfg = Debug|Any CPU
		{7E5EFE39-8620-47EA-ABEC-A7063B6634EA}.Debug|Any CPU.Build.0 = Debug|Any CPU
		{7E5EFE39-8620-47EA-ABEC-A7063B6634EA}.Release|Any CPU.ActiveCfg = Release|Any CPU
		{7E5EFE39-8620-47EA-ABEC-A7063B6634EA}.Release|Any CPU.Build.0 = Release|Any CPU
	EndGlobalSection
	GlobalSection(SolutionProperties) = preSolution
		HideSolutionNode = FALSE
	EndGlobalSection
	GlobalSection(ExtensibilityGlobals) = postSolution
		SolutionGuid = {FF40456F-8E63-42DC-8DB7-83733D8125FD}
	EndGlobalSection
EndGlobal
